{
  "requires": true,
  "lockfileVersion": 1,
  "dependencies": {
    "ag-grid-community": {
      "version": "25.1.0",
      "resolved": "https://registry.npmjs.org/ag-grid-community/-/ag-grid-community-25.1.0.tgz",
      "integrity": "sha512-sKJp6SZG8J50OlOeECtrLFSp/iwdx1mcG0+BmIkHsXmWoyXv5ZaTJyVg1/hMk6s3JVTm1ipg6LepbTaigWEL2A=="
    },
    "ag-grid-enterprise": {
      "version": "25.1.0",
      "resolved": "https://registry.npmjs.org/ag-grid-enterprise/-/ag-grid-enterprise-25.1.0.tgz",
      "integrity": "sha512-Q+LO/orMGNcwTUD40ncyUMCUdY2iMmqL7R9KaUNrwZzDVecyBY4vg3UrLxCmui7qSkOizkD/uSZ6MoNMCnwXBA=="
    },
    "ag-grid-vue": {
      "version": "25.1.0",
      "resolved": "https://registry.npmjs.org/ag-grid-vue/-/ag-grid-vue-25.1.0.tgz",
      "integrity": "sha512-Osc7GbhaFZ5DpPL447HhukGV2R8c6dswcEWC9DVj48cksdARBPJbel7s76SyUktcfgdAoAurZ8Q0x67knNUYRg=="
    },
    "vue-class-component": {
      "version": "7.2.6",
      "resolved": "https://registry.npmjs.org/vue-class-component/-/vue-class-component-7.2.6.tgz",
      "integrity": "sha512-+eaQXVrAm/LldalI272PpDe3+i4mPis0ORiMYxF6Ae4hyuCh15W8Idet7wPUEs4N4YptgFHGys4UrgNQOMyO6w=="
    },
    "vue-property-decorator": {
      "version": "8.5.1",
      "resolved": "https://registry.npmjs.org/vue-property-decorator/-/vue-property-decorator-8.5.1.tgz",
      "integrity": "sha512-O6OUN2OMsYTGPvgFtXeBU3jPnX5ffQ9V4I1WfxFQ6dqz6cOUbR3Usou7kgFpfiXDvV7dJQSFcJ5yUPgOtPPm1Q==",
      "requires": {
        "vue-class-component": "^7.1.0"
      }
    }
  }
}
