{
  "requires": true,
  "lockfileVersion": 1,
  "dependencies": {
    "ag-grid-angular": {
      "version": "25.0.1",
      "resolved": "https://registry.npmjs.org/ag-grid-angular/-/ag-grid-angular-25.0.1.tgz",
      "integrity": "sha512-koYwPqWzj0fcO0qz/Xoq8eZnDk3Em/tPyUkTz58hfOnmM3vuA7fkXOmZMA24uCNcR3Covkyvh0rwEOfOq036bA==",
      "requires": {
        "tslib": "^1.10.0"
      }
    },
    "ag-grid-community": {
      "version": "25.0.1",
      "resolved": "https://registry.npmjs.org/ag-grid-community/-/ag-grid-community-25.0.1.tgz",
      "integrity": "sha512-h7GIMsJ5N/xRDwKSyOWx0skhtiXs/vEgRqkkHfVopJ4Ql+rtg8If/YYxj/EtTJa1NeIZocWmHBd5Zb/iiUR+bg=="
    },
    "ag-grid-enterprise": {
      "version": "25.0.1",
      "resolved": "https://registry.npmjs.org/ag-grid-enterprise/-/ag-grid-enterprise-25.0.1.tgz",
      "integrity": "sha512-1QaBujhZBkcFMYqf7S6vYPEkg4ennHBqBdJPvM/4SIO84CGZYYuCrwsgWEtultGqkM+Ye9BuLZahzjy7Pbk8jg=="
    },
    "tslib": {
      "version": "1.14.1",
      "resolved": "https://registry.npmjs.org/tslib/-/tslib-1.14.1.tgz",
      "integrity": "sha512-Xni35NKzjgMrwevysHTCArtLDpPvye8zV/0E4EyYn43P7/7qvQwPh9BGkHewbMulVntbigmcT7rdX3BNo9wRJg=="
    }
  }
}
